
Microsoft Visual Studio Solution File, Format Version 12.00
# Visual Studio Version 17
VisualStudioVersion = 17.11.35222.181
MinimumVisualStudioVersion = 10.0.40219.1
Project("{FAE04EC0-301F-11D3-BF4B-00C04F79EFBC}") = "DoAn_NT106", "DoAn_NT106.csproj", "{5E6D7E4D-D716-4841-8171-636B71180680}"
EndProject
Global
	GlobalSection(SolutionConfigurationPlatforms) = preSolution
		Debug|Any CPU = Debug|Any CPU
		Release|Any CPU = Release|Any CPU
	EndGlobalSection
	GlobalSection(ProjectConfigurationPlatforms) = postSolution
		{5E6D7E4D-D716-4841-8171-636B71180680}.Debug|Any CPU.ActiveCfg = Debug|Any CPU
		{5E6D7E4D-D716-4841-8171-636B71180680}.Debug|Any CPU.Build.0 = Debug|Any CPU
		{5E6D7E4D-D716-4841-8171-636B71180680}.Release|Any CPU.ActiveCfg = Release|Any CPU
		{5E6D7E4D-D716-4841-8171-636B71180680}.Release|Any CPU.Build.0 = Release|Any CPU
	EndGlobalSection
	GlobalSection(SolutionProperties) = preSolution
		HideSolutionNode = FALSE
	EndGlobalSection
	GlobalSection(ExtensibilityGlobals) = postSolution
		SolutionGuid = {F3C91DFA-E78D-42D5-BD13-2833DFEE735F}
	EndGlobalSection
EndGlobal
